
Microsoft Visual Studio Solution File, Format Version 12.00
# Visual Studio Version 17
VisualStudioVersion = 17.10.35122.118
MinimumVisualStudioVersion = 10.0.40219.1
Project("{8BC9CEB8-8B4A-11D0-8D11-00A0C91BC942}") = "WordLearner", "WordLearner\WordLearner.vcxproj", "{E08442B5-8338-4981-8216-7AC1C2451798}"
	ProjectSection(ProjectDependencies) = postProject
		{AAC65335-2999-4731-809E-9798143CF65D} = {AAC65335-2999-4731-809E-9798143CF65D}
	EndProjectSection
EndProject
Project("{8BC9CEB8-8B4A-11D0-8D11-00A0C91BC942}") = "Database", "Database\Database.vcxproj", "{AAC65335-2999-4731-809E-9798143CF65D}"
EndProject
Project("{8BC9CEB8-8B4A-11D0-8D11-00A0C91BC942}") = "Utils", "Utils\Utils.vcxproj", "{80C6808C-9416-4E1B-AFCE-4E17104DA774}"
EndProject
Global
	GlobalSection(SolutionConfigurationPlatforms) = preSolution
		Debug|x64 = Debug|x64
		Release|x64 = Release|x64
	EndGlobalSection
	GlobalSection(ProjectConfigurationPlatforms) = postSolution
		{E08442B5-8338-4981-8216-7AC1C2451798}.Debug|x64.ActiveCfg = Debug|x64
		{E08442B5-8338-4981-8216-7AC1C2451798}.Debug|x64.Build.0 = Debug|x64
		{E08442B5-8338-4981-8216-7AC1C2451798}.Release|x64.ActiveCfg = Release|x64
		{E08442B5-8338-4981-8216-7AC1C2451798}.Release|x64.Build.0 = Release|x64
		{AAC65335-2999-4731-809E-9798143CF65D}.Debug|x64.ActiveCfg = Debug|x64
		{AAC65335-2999-4731-809E-9798143CF65D}.Debug|x64.Build.0 = Debug|x64
		{AAC65335-2999-4731-809E-9798143CF65D}.Release|x64.ActiveCfg = Release|x64
		{AAC65335-2999-4731-809E-9798143CF65D}.Release|x64.Build.0 = Release|x64
		{80C6808C-9416-4E1B-AFCE-4E17104DA774}.Debug|x64.ActiveCfg = Debug|x64
		{80C6808C-9416-4E1B-AFCE-4E17104DA774}.Debug|x64.Build.0 = Debug|x64
		{80C6808C-9416-4E1B-AFCE-4E17104DA774}.Release|x64.ActiveCfg = Release|x64
		{80C6808C-9416-4E1B-AFCE-4E17104DA774}.Release|x64.Build.0 = Release|x64
	EndGlobalSection
	GlobalSection(SolutionProperties) = preSolution
		HideSolutionNode = FALSE
	EndGlobalSection
	GlobalSection(ExtensibilityGlobals) = postSolution
		SolutionGuid = {EC33E4A7-9505-4F08-9AE1-AEC6CF57177A}
	EndGlobalSection
EndGlobal
